
Microsoft Visual Studio Solution File, Format Version 12.00
# Visual Studio Version 16
VisualStudioVersion = 16.0.30309.148
MinimumVisualStudioVersion = 10.0.40219.1
Project("{FAE04EC0-301F-11D3-BF4B-00C04F79EFBC}") = "Zahnraddimensionierungsprogramm.GruppeJ", "Zahnraddimensionierungsprogramm.GruppeJ\Zahnraddimensionierungsprogramm.GruppeJ.csproj", "{3C87F983-CEE9-468D-AD32-5FF34741D978}"
EndProject
Global
	GlobalSection(SolutionConfigurationPlatforms) = preSolution
		Debug|Any CPU = Debug|Any CPU
		Release|Any CPU = Release|Any CPU
	EndGlobalSection
	GlobalSection(ProjectConfigurationPlatforms) = postSolution
		{3C87F983-CEE9-468D-AD32-5FF34741D978}.Debug|Any CPU.ActiveCfg = Debug|Any CPU
		{3C87F983-CEE9-468D-AD32-5FF34741D978}.Debug|Any CPU.Build.0 = Debug|Any CPU
		{3C87F983-CEE9-468D-AD32-5FF34741D978}.Release|Any CPU.ActiveCfg = Release|Any CPU
		{3C87F983-CEE9-468D-AD32-5FF34741D978}.Release|Any CPU.Build.0 = Release|Any CPU
	EndGlobalSection
	GlobalSection(SolutionProperties) = preSolution
		HideSolutionNode = FALSE
	EndGlobalSection
	GlobalSection(ExtensibilityGlobals) = postSolution
		SolutionGuid = {3529665F-95DF-4C57-AB47-F3BCCE84CDBF}
	EndGlobalSection
EndGlobal
